
Microsoft Visual Studio Solution File, Format Version 12.00
# Visual Studio Version 17
VisualStudioVersion = 17.9.34728.123
MinimumVisualStudioVersion = 10.0.40219.1
Project("{FAE04EC0-301F-11D3-BF4B-00C04F79EFBC}") = "LTUDTXD_HUCE_6_HoangMinhQuan_0098866_66TH1", "LTUDTXD_HUCE_6_HoangMinhQuan_0098866_66TH1\LTUDTXD_HUCE_6_HoangMinhQuan_0098866_66TH1.csproj", "{83CAA744-0CD2-4784-B07A-B0C8BEB676F7}"
EndProject
Global
	GlobalSection(SolutionConfigurationPlatforms) = preSolution
		Debug|Any CPU = Debug|Any CPU
		Release|Any CPU = Release|Any CPU
	EndGlobalSection
	GlobalSection(ProjectConfigurationPlatforms) = postSolution
		{83CAA744-0CD2-4784-B07A-B0C8BEB676F7}.Debug|Any CPU.ActiveCfg = Debug|Any CPU
		{83CAA744-0CD2-4784-B07A-B0C8BEB676F7}.Debug|Any CPU.Build.0 = Debug|Any CPU
		{83CAA744-0CD2-4784-B07A-B0C8BEB676F7}.Release|Any CPU.ActiveCfg = Release|Any CPU
		{83CAA744-0CD2-4784-B07A-B0C8BEB676F7}.Release|Any CPU.Build.0 = Release|Any CPU
	EndGlobalSection
	GlobalSection(SolutionProperties) = preSolution
		HideSolutionNode = FALSE
	EndGlobalSection
	GlobalSection(ExtensibilityGlobals) = postSolution
		SolutionGuid = {8FC1A365-3166-4595-9EE9-099E79736EB6}
	EndGlobalSection
EndGlobal
